# This file is automatically @generated by Poetry 1.8.5 and should not be changed by hand.

[[package]]
name = "ansicolors"
version = "1.1.8"
description = "ANSI colors for Python"
optional = false
python-versions = "*"
files = [
    {file = "ansicolors-1.1.8-py2.py3-none-any.whl", hash = "sha256:00d2dde5a675579325902536738dd27e4fac1fd68f773fe36c21044eb559e187"},
    {file = "ansicolors-1.1.8.zip", hash = "sha256:99f94f5e3348a0bcd43c82e5fc4414013ccc19d70bd939ad71e0133ce9c372e0"},
]

[[package]]
name = "asgiref"
version = "3.8.1"
description = "ASGI specs, helper code, and adapters"
optional = false
python-versions = ">=3.8"
files = [
    {file = "asgiref-3.8.1-py3-none-any.whl", hash = "sha256:3e1e3ecc849832fe52ccf2cb6686b7a55f82bb1d6aee72a58826471390335e47"},
    {file = "asgiref-3.8.1.tar.gz", hash = "sha256:c343bd80a0bec947a9860adb4c432ffa7db769836c64238fc34bdc3fec84d590"},
]

[package.extras]
tests = ["mypy (>=0.800)", "pytest", "pytest-asyncio"]

[[package]]
name = "boto3"
version = "1.35.92"
description = "The AWS SDK for Python"
optional = false
python-versions = ">=3.8"
files = [
    {file = "boto3-1.35.92-py3-none-any.whl", hash = "sha256:786930d5f1cd13d03db59ff2abbb2b7ffc173fd66646d5d8bee07f316a5f16ca"},
    {file = "boto3-1.35.92.tar.gz", hash = "sha256:f7851cb320dcb2a53fc73b4075187ec9b05d51291539601fa238623fdc0e8cd3"},
]

[package.dependencies]
botocore = ">=1.35.92,<1.36.0"
jmespath = ">=0.7.1,<2.0.0"
s3transfer = ">=0.10.0,<0.11.0"

[package.extras]
crt = ["botocore[crt] (>=1.21.0,<2.0a0)"]

[[package]]
name = "botocore"
version = "1.35.92"
description = "Low-level, data-driven core of boto 3."
optional = false
python-versions = ">=3.8"
files = [
    {file = "botocore-1.35.92-py3-none-any.whl", hash = "sha256:f94ae1e056a675bd67c8af98a6858d06e3927d974d6c712ed6e27bb1d11bee1d"},
    {file = "botocore-1.35.92.tar.gz", hash = "sha256:caa7d5d857fed5b3d694b89c45f82b9f938f840e90a4eb7bf50aa65da2ba8f82"},
]

[package.dependencies]
jmespath = ">=0.7.1,<2.0.0"
python-dateutil = ">=2.1,<3.0.0"
urllib3 = {version = ">=1.25.4,<2.2.0 || >2.2.0,<3", markers = "python_version >= \"3.10\""}

[package.extras]
crt = ["awscrt (==0.22.0)"]

[[package]]
name = "configparser"
version = "7.1.0"
description = "Updated configparser from stdlib for earlier Pythons."
optional = false
python-versions = ">=3.8"
files = [
    {file = "configparser-7.1.0-py3-none-any.whl", hash = "sha256:98e374573c4e10e92399651e3ba1c47a438526d633c44ee96143dec26dad4299"},
    {file = "configparser-7.1.0.tar.gz", hash = "sha256:eb82646c892dbdf773dae19c633044d163c3129971ae09b49410a303b8e0a5f7"},
]

[package.extras]
doc = ["furo", "jaraco.packaging (>=9.3)", "jaraco.tidelift (>=1.4)", "rst.linker (>=1.9)", "sphinx (>=3.5)", "sphinx-lint"]
test = ["pytest (>=6,!=8.1.*)", "pytest-checkdocs (>=2.4)", "pytest-cov", "pytest-enabler (>=2.2)", "pytest-mypy", "pytest-ruff (>=0.2.1)", "types-backports"]

[[package]]
name = "dj-database-url"
version = "2.3.0"
description = "Use Database URLs in your Django Application."
optional = false
python-versions = "*"
files = [
    {file = "dj_database_url-2.3.0-py3-none-any.whl", hash = "sha256:bb0d414ba0ac5cd62773ec7f86f8cc378a9dbb00a80884c2fc08cc570452521e"},
    {file = "dj_database_url-2.3.0.tar.gz", hash = "sha256:ae52e8e634186b57e5a45e445da5dc407a819c2ceed8a53d1fac004cc5288787"},
]

[package.dependencies]
Django = ">=4.2"
typing_extensions = ">=3.10.0.0"

[[package]]
name = "django"
version = "5.1.4"
description = "A high-level Python web framework that encourages rapid development and clean, pragmatic design."
optional = false
python-versions = ">=3.10"
files = [
    {file = "Django-5.1.4-py3-none-any.whl", hash = "sha256:236e023f021f5ce7dee5779de7b286565fdea5f4ab86bae5338e3f7b69896cf0"},
    {file = "Django-5.1.4.tar.gz", hash = "sha256:de450c09e91879fa5a307f696e57c851955c910a438a35e6b4c895e86bedc82a"},
]

[package.dependencies]
asgiref = ">=3.8.1,<4"
sqlparse = ">=0.3.1"
tzdata = {version = "*", markers = "sys_platform == \"win32\""}

[package.extras]
argon2 = ["argon2-cffi (>=19.1.0)"]
bcrypt = ["bcrypt"]

[[package]]
name = "django-appconf"
version = "1.0.6"
description = "A helper class for handling configuration defaults of packaged apps gracefully."
optional = false
python-versions = ">=3.7"
files = [
    {file = "django-appconf-1.0.6.tar.gz", hash = "sha256:cfe87ea827c4ee04b9a70fab90b86d704cb02f2981f89da8423cb0fabf88efbf"},
    {file = "django_appconf-1.0.6-py3-none-any.whl", hash = "sha256:c3ae442fba1ff7ec830412c5184b17169a7a1e71cf0864a4c3f93cf4c98a1993"},
]

[package.dependencies]
django = "*"

[[package]]
name = "django-compressor"
version = "4.5.1"
description = "('Compresses linked and inline JavaScript or CSS into single cached files.',)"
optional = false
python-versions = ">=3.8"
files = [
    {file = "django_compressor-4.5.1-py2.py3-none-any.whl", hash = "sha256:87741edee4e7f24f3e0b8072d94a990cfb010cb2ca7cc443944da8e193cdea65"},
    {file = "django_compressor-4.5.1.tar.gz", hash = "sha256:c1d8a48a2ee4d8b7f23c411eb9c97e2d88db18a18ba1c9e8178d5f5b8366a822"},
]

[package.dependencies]
Django = ">=4.2"
django-appconf = ">=1.0.3"
rcssmin = "1.1.2"
rjsmin = "1.2.2"

[[package]]
name = "django-gulp"
version = "4.1.0"
description = "Run your gulp tasks with runserver and collectstatic"
optional = false
python-versions = "*"
files = [
    {file = "django-gulp-4.1.0.tar.gz", hash = "sha256:5f1b738689fd498504b368f5818633bf1c5a11ede9e79f67c248ce55776d6961"},
    {file = "django_gulp-4.1.0-py2.py3-none-any.whl", hash = "sha256:00d56f903fbbffe6338ffcf0522bbadf1e5775ffd8a37d7c9567bfe3ae9dc31e"},
]

[package.dependencies]
ansicolors = ">=1.1.8,<2.0"
env-tools = ">=2.2.0,<3.0"
psutil = ">=5.2.2,<6.0"

[[package]]
name = "django-libsass"
version = "0.9"
description = "A django-compressor filter to compile SASS files using libsass"
optional = false
python-versions = "*"
files = [
    {file = "django-libsass-0.9.tar.gz", hash = "sha256:bfbbb55a8950bb40fa04dd416605f92da34ad1f303b10a41abc3232386ec27b5"},
    {file = "django_libsass-0.9-py3-none-any.whl", hash = "sha256:5234d29100889cac79e36a0f44207ec6d275adfd2da1acb6a94b55c89fe2bd97"},
]

[package.dependencies]
django-compressor = ">=1.3"
libsass = ">=0.7.0,<1"

[[package]]
name = "django-pagedown"
version = "2.2.1"
description = "A Django app that allows the easy addition of Stack Overflow's 'PageDown' markdown editor to a django form field"
optional = false
python-versions = "*"
files = [
    {file = "django-pagedown-2.2.1.tar.gz", hash = "sha256:2e6373a3f1ec1886ec0bdd16a0db1d5f5d14437a0fdddefa7fba905cef50d6e8"},
    {file = "django_pagedown-2.2.1-py3-none-any.whl", hash = "sha256:9b4204d65334d0add1d3daf2533d91f96b62a11fe89c5e2ca93a31fbd4b38aeb"},
]

[package.dependencies]
Django = ">=2.1"
Pillow = "*"

[[package]]
name = "django-solo"
version = "2.4.0"
description = "Django Solo helps working with singletons"
optional = false
python-versions = ">=3.9"
files = [
    {file = "django_solo-2.4.0-py3-none-any.whl", hash = "sha256:62e9c7d929620a61848515839833750ca142840051595cf5c8e617dcefc9e5cf"},
    {file = "django_solo-2.4.0.tar.gz", hash = "sha256:ec92dc00aec75034a3f93b3a85152e57c4b03d7987f8cfd0ea8a47cc6e3c2084"},
]

[package.dependencies]
django = ">=4.2"

[[package]]
name = "django-storages"
version = "1.14.4"
description = "Support for many storage backends in Django"
optional = false
python-versions = ">=3.7"
files = [
    {file = "django-storages-1.14.4.tar.gz", hash = "sha256:69aca94d26e6714d14ad63f33d13619e697508ee33ede184e462ed766dc2a73f"},
    {file = "django_storages-1.14.4-py3-none-any.whl", hash = "sha256:d61930acb4a25e3aebebc6addaf946a3b1df31c803a6bf1af2f31c9047febaa3"},
]

[package.dependencies]
Django = ">=3.2"

[package.extras]
azure = ["azure-core (>=1.13)", "azure-storage-blob (>=12)"]
boto3 = ["boto3 (>=1.4.4)"]
dropbox = ["dropbox (>=7.2.1)"]
google = ["google-cloud-storage (>=1.27)"]
libcloud = ["apache-libcloud"]
s3 = ["boto3 (>=1.4.4)"]
sftp = ["paramiko (>=1.15)"]

[[package]]
name = "env-tools"
version = "2.4.0"
description = "Tools for using .env files in Python"
optional = false
python-versions = "*"
files = [
    {file = "env_tools-2.4.0-py2.py3-none-any.whl", hash = "sha256:3a927635eef0fa32ff33e89b244519b3e924227ba372d46f6f32629faf5c404f"},
    {file = "env_tools-2.4.0.tar.gz", hash = "sha256:5979fb0486d428e0659865335385990f9776f27b05346dcdcfbd290ab9ff9b4a"},
]

[package.dependencies]
six = ">=1.2.0"
tini = ">=4.0.0"

[[package]]
name = "graphene"
version = "3.4.3"
description = "GraphQL Framework for Python"
optional = false
python-versions = "*"
files = [
    {file = "graphene-3.4.3-py2.py3-none-any.whl", hash = "sha256:820db6289754c181007a150db1f7fff544b94142b556d12e3ebc777a7bf36c71"},
    {file = "graphene-3.4.3.tar.gz", hash = "sha256:2a3786948ce75fe7e078443d37f609cbe5bb36ad8d6b828740ad3b95ed1a0aaa"},
]

[package.dependencies]
graphql-core = ">=3.1,<3.3"
graphql-relay = ">=3.1,<3.3"
python-dateutil = ">=2.7.0,<3"
typing-extensions = ">=4.7.1,<5"

[package.extras]
dev = ["coveralls (>=3.3,<5)", "mypy (>=1.10,<2)", "pytest (>=8,<9)", "pytest-asyncio (>=0.16,<2)", "pytest-benchmark (>=4,<5)", "pytest-cov (>=5,<6)", "pytest-mock (>=3,<4)", "ruff (==0.5.0)", "types-python-dateutil (>=2.8.1,<3)"]
test = ["coveralls (>=3.3,<5)", "pytest (>=8,<9)", "pytest-asyncio (>=0.16,<2)", "pytest-benchmark (>=4,<5)", "pytest-cov (>=5,<6)", "pytest-mock (>=3,<4)"]

[[package]]
name = "graphene-django"
version = "3.2.2"
description = "Graphene Django integration"
optional = false
python-versions = "*"
files = [
    {file = "graphene-django-3.2.2.tar.gz", hash = "sha256:059ccf25d9a5159f28d7ebf1a648c993ab34deb064e80b70ca096aa22a609556"},
    {file = "graphene_django-3.2.2-py2.py3-none-any.whl", hash = "sha256:0fd95c8c1cbe77ae2a5940045ce276803c3acbf200a156731e0c730f2776ae2c"},
]

[package.dependencies]
Django = ">=3.2"
graphene = ">=3.0,<4"
graphql-core = ">=3.1.0,<4"
graphql-relay = ">=3.1.1,<4"
promise = ">=2.1"
text-unidecode = "*"

[package.extras]
dev = ["coveralls", "django-filter (>=22.1)", "djangorestframework (>=3.6.3)", "mock", "pre-commit", "pytest (>=7.3.1)", "pytest-cov", "pytest-django (>=4.5.2)", "pytest-random-order", "pytz", "ruff (==0.1.2)"]
rest-framework = ["djangorestframework (>=3.6.3)"]
test = ["coveralls", "django-filter (>=22.1)", "djangorestframework (>=3.6.3)", "mock", "pytest (>=7.3.1)", "pytest-cov", "pytest-django (>=4.5.2)", "pytest-random-order", "pytz"]

[[package]]
name = "graphql-core"
version = "3.2.5"
description = "GraphQL implementation for Python, a port of GraphQL.js, the JavaScript reference implementation for GraphQL."
optional = false
python-versions = "<4,>=3.6"
files = [
    {file = "graphql_core-3.2.5-py3-none-any.whl", hash = "sha256:2f150d5096448aa4f8ab26268567bbfeef823769893b39c1a2e1409590939c8a"},
    {file = "graphql_core-3.2.5.tar.gz", hash = "sha256:e671b90ed653c808715645e3998b7ab67d382d55467b7e2978549111bbabf8d5"},
]

[[package]]
name = "graphql-relay"
version = "3.2.0"
description = "Relay library for graphql-core"
optional = false
python-versions = ">=3.6,<4"
files = [
    {file = "graphql-relay-3.2.0.tar.gz", hash = "sha256:1ff1c51298356e481a0be009ccdff249832ce53f30559c1338f22a0e0d17250c"},
    {file = "graphql_relay-3.2.0-py3-none-any.whl", hash = "sha256:c9b22bd28b170ba1fe674c74384a8ff30a76c8e26f88ac3aa1584dd3179953e5"},
]

[package.dependencies]
graphql-core = ">=3.2,<3.3"

[[package]]
name = "gunicorn"
version = "23.0.0"
description = "WSGI HTTP Server for UNIX"
optional = false
python-versions = ">=3.7"
files = [
    {file = "gunicorn-23.0.0-py3-none-any.whl", hash = "sha256:ec400d38950de4dfd418cff8328b2c8faed0edb0d517d3394e457c317908ca4d"},
    {file = "gunicorn-23.0.0.tar.gz", hash = "sha256:f014447a0101dc57e294f6c18ca6b40227a4c90e9bdb586042628030cba004ec"},
]

[package.dependencies]
packaging = "*"

[package.extras]
eventlet = ["eventlet (>=0.24.1,!=0.36.0)"]
gevent = ["gevent (>=1.4.0)"]
setproctitle = ["setproctitle"]
testing = ["coverage", "eventlet", "gevent", "pytest", "pytest-cov"]
tornado = ["tornado (>=0.2)"]

[[package]]
name = "jmespath"
version = "1.0.1"
description = "JSON Matching Expressions"
optional = false
python-versions = ">=3.7"
files = [
    {file = "jmespath-1.0.1-py3-none-any.whl", hash = "sha256:02e2e4cc71b5bcab88332eebf907519190dd9e6e82107fa7f83b1003a6252980"},
    {file = "jmespath-1.0.1.tar.gz", hash = "sha256:90261b206d6defd58fdd5e85f478bf633a2901798906be2ad389150c5c60edbe"},
]

[[package]]
name = "libsass"
version = "0.23.0"
description = "Sass for Python: A straightforward binding of libsass for Python."
optional = false
python-versions = ">=3.8"
files = [
    {file = "libsass-0.23.0-cp38-abi3-macosx_11_0_x86_64.whl", hash = "sha256:34cae047cbbfc4ffa832a61cbb110f3c95f5471c6170c842d3fed161e40814dc"},
    {file = "libsass-0.23.0-cp38-abi3-macosx_14_0_arm64.whl", hash = "sha256:ea97d1b45cdc2fc3590cb9d7b60f1d8915d3ce17a98c1f2d4dd47ee0d9c68ce6"},
    {file = "libsass-0.23.0-cp38-abi3-manylinux_2_5_x86_64.manylinux1_x86_64.whl", hash = "sha256:4a218406d605f325d234e4678bd57126a66a88841cb95bee2caeafdc6f138306"},
    {file = "libsass-0.23.0-cp38-abi3-win32.whl", hash = "sha256:31e86d92a5c7a551df844b72d83fc2b5e50abc6fbbb31e296f7bebd6489ed1b4"},
    {file = "libsass-0.23.0-cp38-abi3-win_amd64.whl", hash = "sha256:a2ec85d819f353cbe807432d7275d653710d12b08ec7ef61c124a580a8352f3c"},
    {file = "libsass-0.23.0.tar.gz", hash = "sha256:6f209955ede26684e76912caf329f4ccb57e4a043fd77fe0e7348dd9574f1880"},
]

[[package]]
name = "markdown"
version = "3.7"
description = "Python implementation of John Gruber's Markdown."
optional = false
python-versions = ">=3.8"
files = [
    {file = "Markdown-3.7-py3-none-any.whl", hash = "sha256:7eb6df5690b81a1d7942992c97fad2938e956e79df20cbc6186e9c3a77b1c803"},
    {file = "markdown-3.7.tar.gz", hash = "sha256:2ae2471477cfd02dbbf038d5d9bc226d40def84b4fe2986e49b59b6b472bbed2"},
]

[package.extras]
docs = ["mdx-gh-links (>=0.2)", "mkdocs (>=1.5)", "mkdocs-gen-files", "mkdocs-literate-nav", "mkdocs-nature (>=0.6)", "mkdocs-section-index", "mkdocstrings[python]"]
testing = ["coverage", "pyyaml"]

[[package]]
name = "mutagen"
version = "1.47.0"
description = "read and write audio tags for many formats"
optional = false
python-versions = ">=3.7"
files = [
    {file = "mutagen-1.47.0-py3-none-any.whl", hash = "sha256:edd96f50c5907a9539d8e5bba7245f62c9f520aef333d13392a79a4f70aca719"},
    {file = "mutagen-1.47.0.tar.gz", hash = "sha256:719fadef0a978c31b4cf3c956261b3c58b6948b32023078a2117b1de09f0fc99"},
]

[[package]]
name = "mysqlclient"
version = "2.2.6"
description = "Python interface to MySQL"
optional = false
python-versions = ">=3.8"
files = [
    {file = "mysqlclient-2.2.6-cp310-cp310-win_amd64.whl", hash = "sha256:e94a92858203d97fd584bdb6d7ee8c56f2590db8d77fd44215c0dcf5e739bc37"},
    {file = "mysqlclient-2.2.6-cp311-cp311-win_amd64.whl", hash = "sha256:43c5b30be0675080b9c815f457d73397f0442173e7be83d089b126835e2617ae"},
    {file = "mysqlclient-2.2.6-cp312-cp312-win_amd64.whl", hash = "sha256:e940b41d85dfd7b190fa47d52f525f878cfa203d4653bf6a35b271b3c3be125b"},
    {file = "mysqlclient-2.2.6-cp313-cp313-win_amd64.whl", hash = "sha256:794857bce4f9a1903a99786dd29ad7887f45a870b3d11585b8c51c4a753c4174"},
    {file = "mysqlclient-2.2.6-cp39-cp39-win_amd64.whl", hash = "sha256:b0a5cddf1d3488b254605041070086cac743401d876a659a72d706a0d89c8ebb"},
    {file = "mysqlclient-2.2.6-pp310-pypy310_pp73-win_amd64.whl", hash = "sha256:f3efb849d6f7ef4b9788a0eda2e896b975e0ebf1d6bf3dcabea63fd698e5b0b5"},
    {file = "mysqlclient-2.2.6-pp39-pypy39_pp73-win_amd64.whl", hash = "sha256:3da70a07753ba6be881f7d75e795e254f6a0c12795778034acc69769b0649d37"},
    {file = "mysqlclient-2.2.6.tar.gz", hash = "sha256:c0b46d9b78b461dbb62482089ca8040fa916595b1b30f831ebbd1b0a82b43d53"},
]

[[package]]
name = "packaging"
version = "24.2"
description = "Core utilities for Python packages"
optional = false
python-versions = ">=3.8"
files = [
    {file = "packaging-24.2-py3-none-any.whl", hash = "sha256:09abb1bccd265c01f4a3aa3f7a7db064b36514d2cba19a2f694fe6150451a759"},
    {file = "packaging-24.2.tar.gz", hash = "sha256:c228a6dc5e932d346bc5739379109d49e8853dd8223571c7c5b55260edc0b97f"},
]

[[package]]
name = "pillow"
version = "11.1.0"
description = "Python Imaging Library (Fork)"
optional = false
python-versions = ">=3.9"
files = [
    {file = "pillow-11.1.0-cp310-cp310-macosx_10_10_x86_64.whl", hash = "sha256:e1abe69aca89514737465752b4bcaf8016de61b3be1397a8fc260ba33321b3a8"},
    {file = "pillow-11.1.0-cp310-cp310-macosx_11_0_arm64.whl", hash = "sha256:c640e5a06869c75994624551f45e5506e4256562ead981cce820d5ab39ae2192"},
    {file = "pillow-11.1.0-cp310-cp310-manylinux_2_17_aarch64.manylinux2014_aarch64.whl", hash = "sha256:a07dba04c5e22824816b2615ad7a7484432d7f540e6fa86af60d2de57b0fcee2"},
    {file = "pillow-11.1.0-cp310-cp310-manylinux_2_17_x86_64.manylinux2014_x86_64.whl", hash = "sha256:e267b0ed063341f3e60acd25c05200df4193e15a4a5807075cd71225a2386e26"},
    {file = "pillow-11.1.0-cp310-cp310-manylinux_2_28_aarch64.whl", hash = "sha256:bd165131fd51697e22421d0e467997ad31621b74bfc0b75956608cb2906dda07"},
    {file = "pillow-11.1.0-cp310-cp310-manylinux_2_28_x86_64.whl", hash = "sha256:abc56501c3fd148d60659aae0af6ddc149660469082859fa7b066a298bde9482"},
    {file = "pillow-11.1.0-cp310-cp310-musllinux_1_2_aarch64.whl", hash = "sha256:54ce1c9a16a9561b6d6d8cb30089ab1e5eb66918cb47d457bd996ef34182922e"},
    {file = "pillow-11.1.0-cp310-cp310-musllinux_1_2_x86_64.whl", hash = "sha256:73ddde795ee9b06257dac5ad42fcb07f3b9b813f8c1f7f870f402f4dc54b5269"},
    {file = "pillow-11.1.0-cp310-cp310-win32.whl", hash = "sha256:3a5fe20a7b66e8135d7fd617b13272626a28278d0e578c98720d9ba4b2439d49"},
    {file = "pillow-11.1.0-cp310-cp310-win_amd64.whl", hash = "sha256:b6123aa4a59d75f06e9dd3dac5bf8bc9aa383121bb3dd9a7a612e05eabc9961a"},
    {file = "pillow-11.1.0-cp310-cp310-win_arm64.whl", hash = "sha256:a76da0a31da6fcae4210aa94fd779c65c75786bc9af06289cd1c184451ef7a65"},
    {file = "pillow-11.1.0-cp311-cp311-macosx_10_10_x86_64.whl", hash = "sha256:e06695e0326d05b06833b40b7ef477e475d0b1ba3a6d27da1bb48c23209bf457"},
    {file = "pillow-11.1.0-cp311-cp311-macosx_11_0_arm64.whl", hash = "sha256:96f82000e12f23e4f29346e42702b6ed9a2f2fea34a740dd5ffffcc8c539eb35"},
    {file = "pillow-11.1.0-cp311-cp311-manylinux_2_17_aarch64.manylinux2014_aarch64.whl", hash = "sha256:a3cd561ded2cf2bbae44d4605837221b987c216cff94f49dfeed63488bb228d2"},
    {file = "pillow-11.1.0-cp311-cp311-manylinux_2_17_x86_64.manylinux2014_x86_64.whl", hash = "sha256:f189805c8be5ca5add39e6f899e6ce2ed824e65fb45f3c28cb2841911da19070"},
    {file = "pillow-11.1.0-cp311-cp311-manylinux_2_28_aarch64.whl", hash = "sha256:dd0052e9db3474df30433f83a71b9b23bd9e4ef1de13d92df21a52c0303b8ab6"},
    {file = "pillow-11.1.0-cp311-cp311-manylinux_2_28_x86_64.whl", hash = "sha256:837060a8599b8f5d402e97197d4924f05a2e0d68756998345c829c33186217b1"},
    {file = "pillow-11.1.0-cp311-cp311-musllinux_1_2_aarch64.whl", hash = "sha256:aa8dd43daa836b9a8128dbe7d923423e5ad86f50a7a14dc688194b7be5c0dea2"},
    {file = "pillow-11.1.0-cp311-cp311-musllinux_1_2_x86_64.whl", hash = "sha256:0a2f91f8a8b367e7a57c6e91cd25af510168091fb89ec5146003e424e1558a96"},
    {file = "pillow-11.1.0-cp311-cp311-win32.whl", hash = "sha256:c12fc111ef090845de2bb15009372175d76ac99969bdf31e2ce9b42e4b8cd88f"},
    {file = "pillow-11.1.0-cp311-cp311-win_amd64.whl", hash = "sha256:fbd43429d0d7ed6533b25fc993861b8fd512c42d04514a0dd6337fb3ccf22761"},
    {file = "pillow-11.1.0-cp311-cp311-win_arm64.whl", hash = "sha256:f7955ecf5609dee9442cbface754f2c6e541d9e6eda87fad7f7a989b0bdb9d71"},
    {file = "pillow-11.1.0-cp312-cp312-macosx_10_13_x86_64.whl", hash = "sha256:2062ffb1d36544d42fcaa277b069c88b01bb7298f4efa06731a7fd6cc290b81a"},
    {file = "pillow-11.1.0-cp312-cp312-macosx_11_0_arm64.whl", hash = "sha256:a85b653980faad27e88b141348707ceeef8a1186f75ecc600c395dcac19f385b"},
    {file = "pillow-11.1.0-cp312-cp312-manylinux_2_17_aarch64.manylinux2014_aarch64.whl", hash = "sha256:9409c080586d1f683df3f184f20e36fb647f2e0bc3988094d4fd8c9f4eb1b3b3"},
    {file = "pillow-11.1.0-cp312-cp312-manylinux_2_17_x86_64.manylinux2014_x86_64.whl", hash = "sha256:7fdadc077553621911f27ce206ffcbec7d3f8d7b50e0da39f10997e8e2bb7f6a"},
    {file = "pillow-11.1.0-cp312-cp312-manylinux_2_28_aarch64.whl", hash = "sha256:93a18841d09bcdd774dcdc308e4537e1f867b3dec059c131fde0327899734aa1"},
    {file = "pillow-11.1.0-cp312-cp312-manylinux_2_28_x86_64.whl", hash = "sha256:9aa9aeddeed452b2f616ff5507459e7bab436916ccb10961c4a382cd3e03f47f"},
    {file = "pillow-11.1.0-cp312-cp312-musllinux_1_2_aarch64.whl", hash = "sha256:3cdcdb0b896e981678eee140d882b70092dac83ac1cdf6b3a60e2216a73f2b91"},
    {file = "pillow-11.1.0-cp312-cp312-musllinux_1_2_x86_64.whl", hash = "sha256:36ba10b9cb413e7c7dfa3e189aba252deee0602c86c309799da5a74009ac7a1c"},
    {file = "pillow-11.1.0-cp312-cp312-win32.whl", hash = "sha256:cfd5cd998c2e36a862d0e27b2df63237e67273f2fc78f47445b14e73a810e7e6"},
    {file = "pillow-11.1.0-cp312-cp312-win_amd64.whl", hash = "sha256:a697cd8ba0383bba3d2d3ada02b34ed268cb548b369943cd349007730c92bddf"},
    {file = "pillow-11.1.0-cp312-cp312-win_arm64.whl", hash = "sha256:4dd43a78897793f60766563969442020e90eb7847463eca901e41ba186a7d4a5"},
    {file = "pillow-11.1.0-cp313-cp313-macosx_10_13_x86_64.whl", hash = "sha256:ae98e14432d458fc3de11a77ccb3ae65ddce70f730e7c76140653048c71bfcbc"},
    {file = "pillow-11.1.0-cp313-cp313-macosx_11_0_arm64.whl", hash = "sha256:cc1331b6d5a6e144aeb5e626f4375f5b7ae9934ba620c0ac6b3e43d5e683a0f0"},
    {file = "pillow-11.1.0-cp313-cp313-manylinux_2_17_aarch64.manylinux2014_aarch64.whl", hash = "sha256:758e9d4ef15d3560214cddbc97b8ef3ef86ce04d62ddac17ad39ba87e89bd3b1"},
    {file = "pillow-11.1.0-cp313-cp313-manylinux_2_17_x86_64.manylinux2014_x86_64.whl", hash = "sha256:b523466b1a31d0dcef7c5be1f20b942919b62fd6e9a9be199d035509cbefc0ec"},
    {file = "pillow-11.1.0-cp313-cp313-manylinux_2_28_aarch64.whl", hash = "sha256:9044b5e4f7083f209c4e35aa5dd54b1dd5b112b108648f5c902ad586d4f945c5"},
    {file = "pillow-11.1.0-cp313-cp313-manylinux_2_28_x86_64.whl", hash = "sha256:3764d53e09cdedd91bee65c2527815d315c6b90d7b8b79759cc48d7bf5d4f114"},
    {file = "pillow-11.1.0-cp313-cp313-musllinux_1_2_aarch64.whl", hash = "sha256:31eba6bbdd27dde97b0174ddf0297d7a9c3a507a8a1480e1e60ef914fe23d352"},
    {file = "pillow-11.1.0-cp313-cp313-musllinux_1_2_x86_64.whl", hash = "sha256:b5d658fbd9f0d6eea113aea286b21d3cd4d3fd978157cbf2447a6035916506d3"},
    {file = "pillow-11.1.0-cp313-cp313-win32.whl", hash = "sha256:f86d3a7a9af5d826744fabf4afd15b9dfef44fe69a98541f666f66fbb8d3fef9"},
    {file = "pillow-11.1.0-cp313-cp313-win_amd64.whl", hash = "sha256:593c5fd6be85da83656b93ffcccc2312d2d149d251e98588b14fbc288fd8909c"},
    {file = "pillow-11.1.0-cp313-cp313-win_arm64.whl", hash = "sha256:11633d58b6ee5733bde153a8dafd25e505ea3d32e261accd388827ee987baf65"},
    {file = "pillow-11.1.0-cp313-cp313t-macosx_10_13_x86_64.whl", hash = "sha256:70ca5ef3b3b1c4a0812b5c63c57c23b63e53bc38e758b37a951e5bc466449861"},
    {file = "pillow-11.1.0-cp313-cp313t-macosx_11_0_arm64.whl", hash = "sha256:8000376f139d4d38d6851eb149b321a52bb8893a88dae8ee7d95840431977081"},
    {file = "pillow-11.1.0-cp313-cp313t-manylinux_2_17_x86_64.manylinux2014_x86_64.whl", hash = "sha256:9ee85f0696a17dd28fbcfceb59f9510aa71934b483d1f5601d1030c3c8304f3c"},
    {file = "pillow-11.1.0-cp313-cp313t-manylinux_2_28_x86_64.whl", hash = "sha256:dd0e081319328928531df7a0e63621caf67652c8464303fd102141b785ef9547"},
    {file = "pillow-11.1.0-cp313-cp313t-musllinux_1_2_x86_64.whl", hash = "sha256:e63e4e5081de46517099dc30abe418122f54531a6ae2ebc8680bcd7096860eab"},
    {file = "pillow-11.1.0-cp313-cp313t-win32.whl", hash = "sha256:dda60aa465b861324e65a78c9f5cf0f4bc713e4309f83bc387be158b077963d9"},
    {file = "pillow-11.1.0-cp313-cp313t-win_amd64.whl", hash = "sha256:ad5db5781c774ab9a9b2c4302bbf0c1014960a0a7be63278d13ae6fdf88126fe"},
    {file = "pillow-11.1.0-cp313-cp313t-win_arm64.whl", hash = "sha256:67cd427c68926108778a9005f2a04adbd5e67c442ed21d95389fe1d595458756"},
    {file = "pillow-11.1.0-cp39-cp39-macosx_10_10_x86_64.whl", hash = "sha256:bf902d7413c82a1bfa08b06a070876132a5ae6b2388e2712aab3a7cbc02205c6"},
    {file = "pillow-11.1.0-cp39-cp39-macosx_11_0_arm64.whl", hash = "sha256:c1eec9d950b6fe688edee07138993e54ee4ae634c51443cfb7c1e7613322718e"},
    {file = "pillow-11.1.0-cp39-cp39-manylinux_2_17_aarch64.manylinux2014_aarch64.whl", hash = "sha256:8e275ee4cb11c262bd108ab2081f750db2a1c0b8c12c1897f27b160c8bd57bbc"},
    {file = "pillow-11.1.0-cp39-cp39-manylinux_2_17_x86_64.manylinux2014_x86_64.whl", hash = "sha256:4db853948ce4e718f2fc775b75c37ba2efb6aaea41a1a5fc57f0af59eee774b2"},
    {file = "pillow-11.1.0-cp39-cp39-manylinux_2_28_aarch64.whl", hash = "sha256:ab8a209b8485d3db694fa97a896d96dd6533d63c22829043fd9de627060beade"},
    {file = "pillow-11.1.0-cp39-cp39-manylinux_2_28_x86_64.whl", hash = "sha256:54251ef02a2309b5eec99d151ebf5c9904b77976c8abdcbce7891ed22df53884"},
    {file = "pillow-11.1.0-cp39-cp39-musllinux_1_2_aarch64.whl", hash = "sha256:5bb94705aea800051a743aa4874bb1397d4695fb0583ba5e425ee0328757f196"},
    {file = "pillow-11.1.0-cp39-cp39-musllinux_1_2_x86_64.whl", hash = "sha256:89dbdb3e6e9594d512780a5a1c42801879628b38e3efc7038094430844e271d8"},
    {file = "pillow-11.1.0-cp39-cp39-win32.whl", hash = "sha256:e5449ca63da169a2e6068dd0e2fcc8d91f9558aba89ff6d02121ca8ab11e79e5"},
    {file = "pillow-11.1.0-cp39-cp39-win_amd64.whl", hash = "sha256:3362c6ca227e65c54bf71a5f88b3d4565ff1bcbc63ae72c34b07bbb1cc59a43f"},
    {file = "pillow-11.1.0-cp39-cp39-win_arm64.whl", hash = "sha256:b20be51b37a75cc54c2c55def3fa2c65bb94ba859dde241cd0a4fd302de5ae0a"},
    {file = "pillow-11.1.0-pp310-pypy310_pp73-macosx_10_15_x86_64.whl", hash = "sha256:8c730dc3a83e5ac137fbc92dfcfe1511ce3b2b5d7578315b63dbbb76f7f51d90"},
    {file = "pillow-11.1.0-pp310-pypy310_pp73-macosx_11_0_arm64.whl", hash = "sha256:7d33d2fae0e8b170b6a6c57400e077412240f6f5bb2a342cf1ee512a787942bb"},
    {file = "pillow-11.1.0-pp310-pypy310_pp73-manylinux_2_17_aarch64.manylinux2014_aarch64.whl", hash = "sha256:a8d65b38173085f24bc07f8b6c505cbb7418009fa1a1fcb111b1f4961814a442"},
    {file = "pillow-11.1.0-pp310-pypy310_pp73-manylinux_2_17_x86_64.manylinux2014_x86_64.whl", hash = "sha256:015c6e863faa4779251436db398ae75051469f7c903b043a48f078e437656f83"},
    {file = "pillow-11.1.0-pp310-pypy310_pp73-manylinux_2_28_aarch64.whl", hash = "sha256:d44ff19eea13ae4acdaaab0179fa68c0c6f2f45d66a4d8ec1eda7d6cecbcc15f"},
    {file = "pillow-11.1.0-pp310-pypy310_pp73-manylinux_2_28_x86_64.whl", hash = "sha256:d3d8da4a631471dfaf94c10c85f5277b1f8e42ac42bade1ac67da4b4a7359b73"},
    {file = "pillow-11.1.0-pp310-pypy310_pp73-win_amd64.whl", hash = "sha256:4637b88343166249fe8aa94e7c4a62a180c4b3898283bb5d3d2fd5fe10d8e4e0"},
    {file = "pillow-11.1.0.tar.gz", hash = "sha256:368da70808b36d73b4b390a8ffac11069f8a5c85f29eff1f1b01bcf3ef5b2a20"},
]

[package.extras]
docs = ["furo", "olefile", "sphinx (>=8.1)", "sphinx-copybutton", "sphinx-inline-tabs", "sphinxext-opengraph"]
fpx = ["olefile"]
mic = ["olefile"]
tests = ["check-manifest", "coverage (>=7.4.2)", "defusedxml", "markdown2", "olefile", "packaging", "pyroma", "pytest", "pytest-cov", "pytest-timeout", "trove-classifiers (>=2024.10.12)"]
typing = ["typing-extensions"]
xmp = ["defusedxml"]

[[package]]
name = "promise"
version = "2.3"
description = "Promises/A+ implementation for Python"
optional = false
python-versions = "*"
files = [
    {file = "promise-2.3.tar.gz", hash = "sha256:dfd18337c523ba4b6a58801c164c1904a9d4d1b1747c7d5dbf45b693a49d93d0"},
]

[package.dependencies]
six = "*"

[package.extras]
test = ["coveralls", "futures", "mock", "pytest (>=2.7.3)", "pytest-benchmark", "pytest-cov"]

[[package]]
name = "psutil"
version = "5.9.8"
description = "Cross-platform lib for process and system monitoring in Python."
optional = false
python-versions = ">=2.7, !=3.0.*, !=3.1.*, !=3.2.*, !=3.3.*, !=3.4.*, !=3.5.*"
files = [
    {file = "psutil-5.9.8-cp27-cp27m-macosx_10_9_x86_64.whl", hash = "sha256:26bd09967ae00920df88e0352a91cff1a78f8d69b3ecabbfe733610c0af486c8"},
    {file = "psutil-5.9.8-cp27-cp27m-manylinux2010_i686.whl", hash = "sha256:05806de88103b25903dff19bb6692bd2e714ccf9e668d050d144012055cbca73"},
    {file = "psutil-5.9.8-cp27-cp27m-manylinux2010_x86_64.whl", hash = "sha256:611052c4bc70432ec770d5d54f64206aa7203a101ec273a0cd82418c86503bb7"},
    {file = "psutil-5.9.8-cp27-cp27mu-manylinux2010_i686.whl", hash = "sha256:50187900d73c1381ba1454cf40308c2bf6f34268518b3f36a9b663ca87e65e36"},
    {file = "psutil-5.9.8-cp27-cp27mu-manylinux2010_x86_64.whl", hash = "sha256:02615ed8c5ea222323408ceba16c60e99c3f91639b07da6373fb7e6539abc56d"},
    {file = "psutil-5.9.8-cp27-none-win32.whl", hash = "sha256:36f435891adb138ed3c9e58c6af3e2e6ca9ac2f365efe1f9cfef2794e6c93b4e"},
    {file = "psutil-5.9.8-cp27-none-win_amd64.whl", hash = "sha256:bd1184ceb3f87651a67b2708d4c3338e9b10c5df903f2e3776b62303b26cb631"},
    {file = "psutil-5.9.8-cp36-abi3-macosx_10_9_x86_64.whl", hash = "sha256:aee678c8720623dc456fa20659af736241f575d79429a0e5e9cf88ae0605cc81"},
    {file = "psutil-5.9.8-cp36-abi3-manylinux_2_12_i686.manylinux2010_i686.manylinux_2_17_i686.manylinux2014_i686.whl", hash = "sha256:8cb6403ce6d8e047495a701dc7c5bd788add903f8986d523e3e20b98b733e421"},
    {file = "psutil-5.9.8-cp36-abi3-manylinux_2_12_x86_64.manylinux2010_x86_64.manylinux_2_17_x86_64.manylinux2014_x86_64.whl", hash = "sha256:d06016f7f8625a1825ba3732081d77c94589dca78b7a3fc072194851e88461a4"},
    {file = "psutil-5.9.8-cp36-cp36m-win32.whl", hash = "sha256:7d79560ad97af658a0f6adfef8b834b53f64746d45b403f225b85c5c2c140eee"},
    {file = "psutil-5.9.8-cp36-cp36m-win_amd64.whl", hash = "sha256:27cc40c3493bb10de1be4b3f07cae4c010ce715290a5be22b98493509c6299e2"},
    {file = "psutil-5.9.8-cp37-abi3-win32.whl", hash = "sha256:bc56c2a1b0d15aa3eaa5a60c9f3f8e3e565303b465dbf57a1b730e7a2b9844e0"},
    {file = "psutil-5.9.8-cp37-abi3-win_amd64.whl", hash = "sha256:8db4c1b57507eef143a15a6884ca10f7c73876cdf5d51e713151c1236a0e68cf"},
    {file = "psutil-5.9.8-cp38-abi3-macosx_11_0_arm64.whl", hash = "sha256:d16bbddf0693323b8c6123dd804100241da461e41d6e332fb0ba6058f630f8c8"},
    {file = "psutil-5.9.8.tar.gz", hash = "sha256:6be126e3225486dff286a8fb9a06246a5253f4c7c53b475ea5f5ac934e64194c"},
]

[package.extras]
test = ["enum34", "ipaddress", "mock", "pywin32", "wmi"]

[[package]]
name = "python-dateutil"
version = "2.9.0.post0"
description = "Extensions to the standard Python datetime module"
optional = false
python-versions = "!=3.0.*,!=3.1.*,!=3.2.*,>=2.7"
files = [
    {file = "python-dateutil-2.9.0.post0.tar.gz", hash = "sha256:37dd54208da7e1cd875388217d5e00ebd4179249f90fb72437e91a35459a0ad3"},
    {file = "python_dateutil-2.9.0.post0-py2.py3-none-any.whl", hash = "sha256:a8b2bc7bffae282281c8140a97d3aa9c14da0b136dfe83f850eea9a5f7470427"},
]

[package.dependencies]
six = ">=1.5"

[[package]]
name = "rcssmin"
version = "1.1.2"
description = "CSS Minifier"
optional = false
python-versions = "*"
files = [
    {file = "rcssmin-1.1.2-cp27-cp27m-manylinux1_i686.whl", hash = "sha256:0101a55992ded00220d38ebaf003d0858c1e6e8b365df6f18f9d7a2cdc5574b3"},
    {file = "rcssmin-1.1.2-cp27-cp27m-manylinux1_x86_64.whl", hash = "sha256:9d7a5c6a08948ae5d7e1422ac34031fc05242786e6b600b37948412ee16f3655"},
    {file = "rcssmin-1.1.2-cp27-cp27mu-manylinux1_i686.whl", hash = "sha256:5f602bcaa457680a89904c10d1a539ffae5d4de08ec61a2044efc93c9a743860"},
    {file = "rcssmin-1.1.2-cp27-cp27mu-manylinux1_x86_64.whl", hash = "sha256:d9384421d8cb516202349da7b6502d77df14860fa710f91dbe0b03b3b895dda3"},
    {file = "rcssmin-1.1.2-cp310-cp310-manylinux1_i686.whl", hash = "sha256:d40964dc7fbd74be30b1ef5543bb75c479a53d53362ecccba3f1a5de6453faca"},
    {file = "rcssmin-1.1.2-cp310-cp310-manylinux1_x86_64.whl", hash = "sha256:c9a55657a3d11c5901259b14f941ed7eec118cd5a4416535102eda491de6753f"},
    {file = "rcssmin-1.1.2-cp310-cp310-manylinux2014_aarch64.whl", hash = "sha256:065b7f85902c87011951b1d084fa694099d70feb6bef1c3e89456a1a0668c73b"},
    {file = "rcssmin-1.1.2-cp310-cp310-musllinux_1_1_aarch64.whl", hash = "sha256:b37db48eacf5b8ad09ee14eb25db8cc7176ce2339c1028499547858c152a936a"},
    {file = "rcssmin-1.1.2-cp310-cp310-musllinux_1_1_i686.whl", hash = "sha256:f1468ccbfe16a2b4cff5bc0d330488bb496f71b542d26bd2005b2ab05a295752"},
    {file = "rcssmin-1.1.2-cp310-cp310-musllinux_1_1_x86_64.whl", hash = "sha256:b3577e4955b89324cd8214ae8e9c2ce452197ea2f789527538cf41e662930495"},
    {file = "rcssmin-1.1.2-cp311-cp311-manylinux1_i686.whl", hash = "sha256:83dd2c3f7b70fae9c97bab99fd7a709dc852f0bc3e7482f8cfb378e0c5f1aed8"},
    {file = "rcssmin-1.1.2-cp311-cp311-manylinux1_x86_64.whl", hash = "sha256:2219d704f27006ecd17ef4b5744cac5f68a276be0889b114130660fb798f3583"},
    {file = "rcssmin-1.1.2-cp311-cp311-manylinux2014_aarch64.whl", hash = "sha256:a5e758c8db03a57fef847542bf14d96da75913cc0e2495540c018943c1f2d142"},
    {file = "rcssmin-1.1.2-cp311-cp311-musllinux_1_1_aarch64.whl", hash = "sha256:a0e353ecbfde3dba0a6579a674fc1dcdc1ff7e47ceff3b29beb6e235b53a981c"},
    {file = "rcssmin-1.1.2-cp311-cp311-musllinux_1_1_i686.whl", hash = "sha256:140d1c0ba21fb8c3a2bafae164540a6816e8ec3492bea6ace0c52eebd2cf303f"},
    {file = "rcssmin-1.1.2-cp311-cp311-musllinux_1_1_x86_64.whl", hash = "sha256:ef0d472d8f6b8271fef3e388f98085a257703a635556a3ea77287616ab594ea9"},
    {file = "rcssmin-1.1.2-cp312-cp312-manylinux1_i686.whl", hash = "sha256:e58a54e63f79c996284240ec2dfb2992e8b90ad8941b1c70997e256b65940de7"},
    {file = "rcssmin-1.1.2-cp312-cp312-manylinux1_x86_64.whl", hash = "sha256:657324bfb76fa9e97badabe26af97a1622446f33c9073dd0510c7c7e8c7b96da"},
    {file = "rcssmin-1.1.2-cp312-cp312-manylinux2014_aarch64.whl", hash = "sha256:fdffd58868a752cac0400249ce21bddf55e00d3206f8885d4a3aca1dab487070"},
    {file = "rcssmin-1.1.2-cp312-cp312-musllinux_1_1_aarch64.whl", hash = "sha256:82aad2c3526055956fba537ab067ad937b3f57a1bd13c89bf691fced9c24c89d"},
    {file = "rcssmin-1.1.2-cp312-cp312-musllinux_1_1_i686.whl", hash = "sha256:3a860a1f4304e9813900f70fe6b1d429aff73a6fa30ef07f345f68d0a4e33abc"},
    {file = "rcssmin-1.1.2-cp312-cp312-musllinux_1_1_x86_64.whl", hash = "sha256:0451a2c7e7c1ff893ecb7820de862f2ea6336cc69d473ecb0206212e49c817fc"},
    {file = "rcssmin-1.1.2-cp36-cp36m-manylinux1_i686.whl", hash = "sha256:283b5931eb25e159c0c37bba0717cf3ada2ff77a2827337790cd3921d33ae1eb"},
    {file = "rcssmin-1.1.2-cp36-cp36m-manylinux1_x86_64.whl", hash = "sha256:4cf7de426fbcce30df31261c1ce84d06fb2ae2f239b0c16ab7e9e083e0462432"},
    {file = "rcssmin-1.1.2-cp36-cp36m-manylinux2014_aarch64.whl", hash = "sha256:47d4d5d67f9ab8f18a6412f8eff843612ebddfff131260fd25a0b273a3d3b1a0"},
    {file = "rcssmin-1.1.2-cp36-cp36m-musllinux_1_1_aarch64.whl", hash = "sha256:ce4fce4b3f0cf3621f13f6b8aebbe6c90de3587e383d13dbc7c4c1576f27fda8"},
    {file = "rcssmin-1.1.2-cp36-cp36m-musllinux_1_1_i686.whl", hash = "sha256:3ab50d50ecbfa41d8984b545871df447c90a0c55e16a594e0c97057eb694a7af"},
    {file = "rcssmin-1.1.2-cp36-cp36m-musllinux_1_1_x86_64.whl", hash = "sha256:8eddfed4ac175a97eb228a289f820ff1bffcc3db7c63345e4590a49de7051244"},
    {file = "rcssmin-1.1.2-cp37-cp37m-manylinux1_i686.whl", hash = "sha256:bc2d0ccf449f3f4c385789c9e7898f77fa40f88211cc7d385502f5ea11bc36f4"},
    {file = "rcssmin-1.1.2-cp37-cp37m-manylinux1_x86_64.whl", hash = "sha256:754c3cab791da42cabfd430289dd991183d2e97f6c36a758ac4fd83c6998cb77"},
    {file = "rcssmin-1.1.2-cp37-cp37m-manylinux2014_aarch64.whl", hash = "sha256:997d3f6defd707f8a7bd39cedb765cedbf9c790ed0bc1f1c8fb65f4026007021"},
    {file = "rcssmin-1.1.2-cp37-cp37m-musllinux_1_1_aarch64.whl", hash = "sha256:9c9688d42654f06535a2a052a0c2f02989b9052149f6cd3263ed320a10379657"},
    {file = "rcssmin-1.1.2-cp37-cp37m-musllinux_1_1_i686.whl", hash = "sha256:a8856db4529e524a632478d88f34d075ec7e772804257d9b99071b8bdd5f3733"},
    {file = "rcssmin-1.1.2-cp37-cp37m-musllinux_1_1_x86_64.whl", hash = "sha256:d59a28d6819ad43ed660dfcdf297593f04e8bc227d7abd9548f12a16d6e645f1"},
    {file = "rcssmin-1.1.2-cp38-cp38-manylinux1_i686.whl", hash = "sha256:d1c9efc26682ff610194a0c56b0f192355136e066ff78683806778f0bc5e5093"},
    {file = "rcssmin-1.1.2-cp38-cp38-manylinux1_x86_64.whl", hash = "sha256:e5f08c79991c8ee0aa7064aa58ae92b0811d4a84948636ec0219b39d257470aa"},
    {file = "rcssmin-1.1.2-cp38-cp38-manylinux2014_aarch64.whl", hash = "sha256:2d39b277a568f6208a4beea237c2d1188bd680deaff39f3742278462645a87ed"},
    {file = "rcssmin-1.1.2-cp38-cp38-musllinux_1_1_aarch64.whl", hash = "sha256:2b6a19926f7257ebb7d23040bb0ace05fa43dff7b60d8a9c35bfdf551fa57686"},
    {file = "rcssmin-1.1.2-cp38-cp38-musllinux_1_1_i686.whl", hash = "sha256:69283a445483ac439af10ca9f50463c3770ef79a99833af7d5105c75f8ab3c5d"},
    {file = "rcssmin-1.1.2-cp38-cp38-musllinux_1_1_x86_64.whl", hash = "sha256:a8e4c1bfa110d450970df60d904feab71c287e777a3cf522fd20e766483c8ce4"},
    {file = "rcssmin-1.1.2-cp39-cp39-manylinux1_i686.whl", hash = "sha256:19e48f7f66a3fa329215a02b3a952737b0b12f9976cd79ff2c236f96960d71d1"},
    {file = "rcssmin-1.1.2-cp39-cp39-manylinux1_x86_64.whl", hash = "sha256:e3ad642a1bfcbbddc3c36ad4c5676ef53267dd7c193c746a2f6670fe5bd03a60"},
    {file = "rcssmin-1.1.2-cp39-cp39-manylinux2014_aarch64.whl", hash = "sha256:20f8592341960b031967f7ada165e6c8077dfc01eb4092fb970a5a4e64506695"},
    {file = "rcssmin-1.1.2-cp39-cp39-musllinux_1_1_aarch64.whl", hash = "sha256:1c1d9a24132f4c48d080a59c20fce99a4fd9c393eb63f9779f2497ae28992de1"},
    {file = "rcssmin-1.1.2-cp39-cp39-musllinux_1_1_i686.whl", hash = "sha256:50576521c1e08e8f137225b8a6e8ae88e867f53dfd82c537616591c67f112aad"},
    {file = "rcssmin-1.1.2-cp39-cp39-musllinux_1_1_x86_64.whl", hash = "sha256:f363c9d242e1afce4fafbbf6bed52452464b19199e66075bed606764f31ca329"},
    {file = "rcssmin-1.1.2.tar.gz", hash = "sha256:bc75eb75bd6d345c0c51fd80fc487ddd6f9fd409dd7861b3fe98dee85018e1e9"},
]

[[package]]
name = "rjsmin"
version = "1.2.2"
description = "Javascript Minifier"
optional = false
python-versions = "*"
files = [
    {file = "rjsmin-1.2.2-cp27-cp27m-manylinux1_i686.whl", hash = "sha256:4420107304ba7a00b5b9b56cdcd166b9876b34e626829fc4552c85d8fdc3737a"},
    {file = "rjsmin-1.2.2-cp27-cp27m-manylinux1_x86_64.whl", hash = "sha256:155a2f3312c1f8c6cec7b5080581cafc761dc0e41d64bfb5d46a772c5230ded8"},
    {file = "rjsmin-1.2.2-cp27-cp27mu-manylinux1_i686.whl", hash = "sha256:88fcb58d65f88cbfa752d51c1ebe5845553f9706def6d9671e98283411575e3e"},
    {file = "rjsmin-1.2.2-cp27-cp27mu-manylinux1_x86_64.whl", hash = "sha256:6eae13608b88f4ce32e0557c8fdef58e69bb4d293182202a03e800f0d33b5268"},
    {file = "rjsmin-1.2.2-cp310-cp310-manylinux1_i686.whl", hash = "sha256:81f92fb855fb613ebd04a6d6d46483e71fe3c4f22042dc30dcc938fbd748e59c"},
    {file = "rjsmin-1.2.2-cp310-cp310-manylinux1_x86_64.whl", hash = "sha256:897db9bf25538047e9388951d532dc291a629b5d041180a8a1a8c102e9d44b90"},
    {file = "rjsmin-1.2.2-cp310-cp310-manylinux2014_aarch64.whl", hash = "sha256:5938af8c46734f92f74fdc4d0b6324137c0e09f0a8c3825c83e4cfca1b532e40"},
    {file = "rjsmin-1.2.2-cp310-cp310-musllinux_1_1_aarch64.whl", hash = "sha256:0424a7b9096fa2b0ab577c4dc7acd683e6cfb5c718ad39a9fb293cb6cbaba95b"},
    {file = "rjsmin-1.2.2-cp310-cp310-musllinux_1_1_i686.whl", hash = "sha256:1714ed93c2bd40c5f970905d2eeda4a6844e09087ae11277d4d43b3e68c32a47"},
    {file = "rjsmin-1.2.2-cp310-cp310-musllinux_1_1_x86_64.whl", hash = "sha256:35596fa6d2d44a5471715c464657123995da78aa6f79bccfbb4b8d6ff7d0a4b4"},
    {file = "rjsmin-1.2.2-cp311-cp311-manylinux1_i686.whl", hash = "sha256:3968667158948355b9a62e9641497aac7ac069c076a595e93199d0fe3a40217a"},
    {file = "rjsmin-1.2.2-cp311-cp311-manylinux1_x86_64.whl", hash = "sha256:d07d14354694f6a47f572f2aa2a1ad74b76723e62a0d2b6df796138b71888247"},
    {file = "rjsmin-1.2.2-cp311-cp311-manylinux2014_aarch64.whl", hash = "sha256:a78dfa6009235b902454ac53264252b7b94f1e43e3a9e97c4cadae88e409b882"},
    {file = "rjsmin-1.2.2-cp311-cp311-musllinux_1_1_aarch64.whl", hash = "sha256:9b7a45001e58243a455d11d2de925cadb8c2a0dc737001de646a0f4d90cf0034"},
    {file = "rjsmin-1.2.2-cp311-cp311-musllinux_1_1_i686.whl", hash = "sha256:86c5e657b74b6c9482bb96f18a79d61750f4e8204759cce179f7eb17d395c683"},
    {file = "rjsmin-1.2.2-cp311-cp311-musllinux_1_1_x86_64.whl", hash = "sha256:8c2c30b86c7232443a4a726e1bbee34f800556e581e95fc07194ecbf8e02d1d2"},
    {file = "rjsmin-1.2.2-cp312-cp312-manylinux1_i686.whl", hash = "sha256:8982c3ef27fac26dd6b7d0c55ae98fa550fee72da2db010b87211e4b5dd78a67"},
    {file = "rjsmin-1.2.2-cp312-cp312-manylinux1_x86_64.whl", hash = "sha256:3fc27ae4ece99e2c994cd79df2f0d3f7ac650249f632d19aa8ce85118e33bf0f"},
    {file = "rjsmin-1.2.2-cp312-cp312-manylinux2014_aarch64.whl", hash = "sha256:41113d8d6cae7f7406b30143cc49cc045bbb3fadc2f28df398cea30e1daa60b1"},
    {file = "rjsmin-1.2.2-cp312-cp312-musllinux_1_1_aarch64.whl", hash = "sha256:3aa09a89b2b7aa2b9251329fe0c3e36c2dc2f10f78b8811e5be92a072596348b"},
    {file = "rjsmin-1.2.2-cp312-cp312-musllinux_1_1_i686.whl", hash = "sha256:5abb8d1241f4ea97950b872fa97a422ba8413fe02358f64128ff0cf745017f07"},
    {file = "rjsmin-1.2.2-cp312-cp312-musllinux_1_1_x86_64.whl", hash = "sha256:5abc686a9ef7eaf208f9ad1fb5fb949556ecb7cc1fee27290eb7f194e01d97bd"},
    {file = "rjsmin-1.2.2-cp36-cp36m-manylinux1_i686.whl", hash = "sha256:076adcf04c34f712c9427fd9ba6a75bbf7aab975650dfc78cbdd0fbdbe49ca63"},
    {file = "rjsmin-1.2.2-cp36-cp36m-manylinux1_x86_64.whl", hash = "sha256:8cb8947ddd250fce58261b0357846cd5d55419419c0f7dfb131dc4b733579a26"},
    {file = "rjsmin-1.2.2-cp36-cp36m-manylinux2014_aarch64.whl", hash = "sha256:9069c48b6508b9c5b05435e2c6042c2a0e2f97b35d7b9c27ceaea5fd377ffdc5"},
    {file = "rjsmin-1.2.2-cp36-cp36m-musllinux_1_1_aarch64.whl", hash = "sha256:02b61cf9b6bc518fdac667f3ca3dab051cb8bd1bf4cba28b6d29153ec27990ad"},
    {file = "rjsmin-1.2.2-cp36-cp36m-musllinux_1_1_i686.whl", hash = "sha256:09eca8581797244587916e5e07e36c4c86d54a4b7e5c7697484a95b75803515d"},
    {file = "rjsmin-1.2.2-cp36-cp36m-musllinux_1_1_x86_64.whl", hash = "sha256:c52b9dd45c837f1c5c2e8d40776f9e63257f8dbd5f79b85f648cc70da6c1e4e9"},
    {file = "rjsmin-1.2.2-cp37-cp37m-manylinux1_i686.whl", hash = "sha256:4fe4ce990412c053a6bcd47d55133927e22fd3d100233d73355f60f9053054c5"},
    {file = "rjsmin-1.2.2-cp37-cp37m-manylinux1_x86_64.whl", hash = "sha256:aa883b9363b5134239066060879d5eb422a0d4ccf24ccf871f65a5b34c64926f"},
    {file = "rjsmin-1.2.2-cp37-cp37m-manylinux2014_aarch64.whl", hash = "sha256:6f4e95c5ac95b4cbb519917b3aa1d3d92fc6939c371637674c4a42b67b2b3f44"},
    {file = "rjsmin-1.2.2-cp37-cp37m-musllinux_1_1_aarch64.whl", hash = "sha256:ae3cd64e18e62aa330b24dd6f7b9809ce0a694afd1f01fe99c21f9acd1cb0ea6"},
    {file = "rjsmin-1.2.2-cp37-cp37m-musllinux_1_1_i686.whl", hash = "sha256:7999d797fcf805844d2d91598651785497249f592f31674da0964e794b3be019"},
    {file = "rjsmin-1.2.2-cp37-cp37m-musllinux_1_1_x86_64.whl", hash = "sha256:e733fea039a7b5ad7c06cc8bf215ee7afac81d462e273b3ab55c1ccc906cf127"},
    {file = "rjsmin-1.2.2-cp38-cp38-manylinux1_i686.whl", hash = "sha256:ccca74461bd53a99ff3304fcf299ea861df89846be3207329cb82d717ce47ea6"},
    {file = "rjsmin-1.2.2-cp38-cp38-manylinux1_x86_64.whl", hash = "sha256:88f59ad24f91bf9c25d5c2ca3c84a72eed0028f57a98e3b85a915ece5c25be1e"},
    {file = "rjsmin-1.2.2-cp38-cp38-manylinux2014_aarch64.whl", hash = "sha256:7a8b56fbd64adcc4402637f0e07b90b441e9981d720a10eb6265118018b42682"},
    {file = "rjsmin-1.2.2-cp38-cp38-musllinux_1_1_aarch64.whl", hash = "sha256:2c24686cfdf86e55692183f7867e72c9e982add479c244eda7b8390f96db2c6c"},
    {file = "rjsmin-1.2.2-cp38-cp38-musllinux_1_1_i686.whl", hash = "sha256:6c0d9f9ea8d9cd48cbcdc74a1c2e85d4d588af12bb8f0b672070ae7c9b6e6306"},
    {file = "rjsmin-1.2.2-cp38-cp38-musllinux_1_1_x86_64.whl", hash = "sha256:27abd32c9f5b6e0c0a3bcad43e8e24108c6d6c13a4e6c50c97497ea2b4614bb4"},
    {file = "rjsmin-1.2.2-cp39-cp39-manylinux1_i686.whl", hash = "sha256:e0e009f6f8460901f5144b34ac2948f94af2f9b8c9b5425da705dbc8152c36c2"},
    {file = "rjsmin-1.2.2-cp39-cp39-manylinux1_x86_64.whl", hash = "sha256:41e6013cb37a5b3563c19aa35f8e659fa536aa4197a0e3b6a57a381638294a15"},
    {file = "rjsmin-1.2.2-cp39-cp39-manylinux2014_aarch64.whl", hash = "sha256:62cbd38c9f5090f0a6378a45c415b4f96ae871216cedab0dfa21965620c0be4c"},
    {file = "rjsmin-1.2.2-cp39-cp39-musllinux_1_1_aarch64.whl", hash = "sha256:2fd5254d36f10a17564b63e8bf9ac579c7b5f211364e11e9753ff5b562843c67"},
    {file = "rjsmin-1.2.2-cp39-cp39-musllinux_1_1_i686.whl", hash = "sha256:6cf0309d001a0d45d731dbaab1afd0c23d135c9e029fe56c935c1798094686fc"},
    {file = "rjsmin-1.2.2-cp39-cp39-musllinux_1_1_x86_64.whl", hash = "sha256:bfbe333dab8d23f0a71da90e2d8e8b762a739cbd55a6f948b2dfda089b6d5853"},
    {file = "rjsmin-1.2.2.tar.gz", hash = "sha256:8c1bcd821143fecf23242012b55e13610840a839cd467b358f16359010d62dae"},
]

[[package]]
name = "s3transfer"
version = "0.10.4"
description = "An Amazon S3 Transfer Manager"
optional = false
python-versions = ">=3.8"
files = [
    {file = "s3transfer-0.10.4-py3-none-any.whl", hash = "sha256:244a76a24355363a68164241438de1b72f8781664920260c48465896b712a41e"},
    {file = "s3transfer-0.10.4.tar.gz", hash = "sha256:29edc09801743c21eb5ecbc617a152df41d3c287f67b615f73e5f750583666a7"},
]

[package.dependencies]
botocore = ">=1.33.2,<2.0a.0"

[package.extras]
crt = ["botocore[crt] (>=1.33.2,<2.0a.0)"]

[[package]]
name = "six"
version = "1.17.0"
description = "Python 2 and 3 compatibility utilities"
optional = false
python-versions = "!=3.0.*,!=3.1.*,!=3.2.*,>=2.7"
files = [
    {file = "six-1.17.0-py2.py3-none-any.whl", hash = "sha256:4721f391ed90541fddacab5acf947aa0d3dc7d27b2e1e8eda2be8970586c3274"},
    {file = "six-1.17.0.tar.gz", hash = "sha256:ff70335d468e7eb6ec65b95b99d3a2836546063f63acc5171de367e834932a81"},
]

[[package]]
name = "sqlparse"
version = "0.5.3"
description = "A non-validating SQL parser."
optional = false
python-versions = ">=3.8"
files = [
    {file = "sqlparse-0.5.3-py3-none-any.whl", hash = "sha256:cf2196ed3418f3ba5de6af7e82c694a9fbdbfecccdfc72e281548517081f16ca"},
    {file = "sqlparse-0.5.3.tar.gz", hash = "sha256:09f67787f56a0b16ecdbde1bfc7f5d9c3371ca683cfeaa8e6ff60b4807ec9272"},
]

[package.extras]
dev = ["build", "hatch"]
doc = ["sphinx"]

[[package]]
name = "text-unidecode"
version = "1.3"
description = "The most basic Text::Unidecode port"
optional = false
python-versions = "*"
files = [
    {file = "text-unidecode-1.3.tar.gz", hash = "sha256:bad6603bb14d279193107714b288be206cac565dfa49aa5b105294dd5c4aab93"},
    {file = "text_unidecode-1.3-py2.py3-none-any.whl", hash = "sha256:1311f10e8b895935241623731c2ba64f4c455287888b18189350b67134a822e8"},
]

[[package]]
name = "tini"
version = "4.0.0"
description = "Read simple .ini/configuration files."
optional = false
python-versions = "*"
files = [
    {file = "tini-4.0.0-py2.py3-none-any.whl", hash = "sha256:cdb3da607abfcacdad4e3ce9dc9cf0cc593e4d4ec2d24229437148804221c5b8"},
    {file = "tini-4.0.0.tar.gz", hash = "sha256:5aafb4c7439834e1e2aceafeab3c3ffa4d26b3b7d07c134c9ff562f599f56908"},
]

[package.dependencies]
configparser = ">=3.5.0b2"
six = ">=1.10.0"

[[package]]
name = "typing-extensions"
version = "4.12.2"
description = "Backported and Experimental Type Hints for Python 3.8+"
optional = false
python-versions = ">=3.8"
files = [
    {file = "typing_extensions-4.12.2-py3-none-any.whl", hash = "sha256:04e5ca0351e0f3f85c6853954072df659d0d13fac324d0072316b67d7794700d"},
    {file = "typing_extensions-4.12.2.tar.gz", hash = "sha256:1a7ead55c7e559dd4dee8856e3a88b41225abfe1ce8df57b7c13915fe121ffb8"},
]

[[package]]
name = "tzdata"
version = "2024.2"
description = "Provider of IANA time zone data"
optional = false
python-versions = ">=2"
files = [
    {file = "tzdata-2024.2-py2.py3-none-any.whl", hash = "sha256:a48093786cdcde33cad18c2555e8532f34422074448fbc874186f0abd79565cd"},
    {file = "tzdata-2024.2.tar.gz", hash = "sha256:7d85cc416e9382e69095b7bdf4afd9e3880418a2413feec7069d533d6b4e31cc"},
]

[[package]]
name = "urllib3"
version = "2.3.0"
description = "HTTP library with thread-safe connection pooling, file post, and more."
optional = false
python-versions = ">=3.9"
files = [
    {file = "urllib3-2.3.0-py3-none-any.whl", hash = "sha256:1cee9ad369867bfdbbb48b7dd50374c0967a0bb7710050facf0dd6911440e3df"},
    {file = "urllib3-2.3.0.tar.gz", hash = "sha256:f8c5449b3cf0861679ce7e0503c7b44b5ec981bec0d1d3795a07f1ba96f0204d"},
]

[package.extras]
brotli = ["brotli (>=1.0.9)", "brotlicffi (>=0.8.0)"]
h2 = ["h2 (>=4,<5)"]
socks = ["pysocks (>=1.5.6,!=1.5.7,<2.0)"]
zstd = ["zstandard (>=0.18.0)"]

[[package]]
name = "whitenoise"
version = "6.8.2"
description = "Radically simplified static file serving for WSGI applications"
optional = false
python-versions = ">=3.9"
files = [
    {file = "whitenoise-6.8.2-py3-none-any.whl", hash = "sha256:df12dce147a043d1956d81d288c6f0044147c6d2ab9726e5772ac50fb45d2280"},
    {file = "whitenoise-6.8.2.tar.gz", hash = "sha256:486bd7267a375fa9650b136daaec156ac572971acc8bf99add90817a530dd1d4"},
]

[package.extras]
brotli = ["brotli"]

[metadata]
lock-version = "2.0"
python-versions = "~3.12"
content-hash = "57ac4d01cbc52ebf68b9d6efca3dad810e3803da358ecf723c4ecc8b9b3f9693"
